
Microsoft Visual Studio Solution File, Format Version 12.00
# Visual Studio Version 16
VisualStudioVersion = 16.0.29424.173
MinimumVisualStudioVersion = 10.0.40219.1
Project("{9A19103F-16F7-4668-BE54-9A1E7A4F7556}") = "PDFEditor", "PDFEditor.csproj", "{7F3570F1-1FA7-46B8-AA41-4463C21D6FBD}"
EndProject
Global
	GlobalSection(SolutionConfigurationPlatforms) = preSolution
		Debug|Any CPU = Debug|Any CPU
		Release|Any CPU = Release|Any CPU
	EndGlobalSection
	GlobalSection(ProjectConfigurationPlatforms) = postSolution
		{7F3570F1-1FA7-46B8-AA41-4463C21D6FBD}.Debug|Any CPU.ActiveCfg = Debug|Any CPU
		{7F3570F1-1FA7-46B8-AA41-4463C21D6FBD}.Debug|Any CPU.Build.0 = Debug|Any CPU
		{7F3570F1-1FA7-46B8-AA41-4463C21D6FBD}.Release|Any CPU.ActiveCfg = Release|Any CPU
		{7F3570F1-1FA7-46B8-AA41-4463C21D6FBD}.Release|Any CPU.Build.0 = Release|Any CPU
	EndGlobalSection
	GlobalSection(SolutionProperties) = preSolution
		HideSolutionNode = FALSE
	EndGlobalSection
	GlobalSection(ExtensibilityGlobals) = postSolution
		SolutionGuid = {DDD63637-19F0-4CFF-BA69-AA01FADA7FEC}
	EndGlobalSection
EndGlobal
